
Microsoft Visual Studio Solution File, Format Version 12.00
# Visual Studio Version 17
VisualStudioVersion = 17.5.33502.453
MinimumVisualStudioVersion = 10.0.40219.1
Project("{9A19103F-16F7-4668-BE54-9A1E7A4F7556}") = "ObjectInfo", "ObjectInfo\ObjectInfo.csproj", "{33FCD6F6-ABEF-4F74-A7CD-D4D45E28F7DF}"
EndProject
Project("{9A19103F-16F7-4668-BE54-9A1E7A4F7556}") = "ObjectInfo.Unit.Tests", "ObjectInfo.Unit.Tests\ObjectInfo.Unit.Tests.csproj", "{66FDEEE5-B156-4A13-8C40-6D36887B636F}"
EndProject
Project("{9A19103F-16F7-4668-BE54-9A1E7A4F7556}") = "ObjectInfo.Deepdive", "ObjectInfo.Deepdive\ObjectInfo.Deepdive.csproj", "{7AAE1D6C-8575-4AFF-85C1-E672F4082B80}"
EndProject
Project("{9A19103F-16F7-4668-BE54-9A1E7A4F7556}") = "ObjectInfo.DeepDive.CyclomaticComplexityAnalyzer.Tests", "ObjectInfo.DeepDive.Tests\ObjectInfo.DeepDive.CyclomaticComplexityAnalyzer.Tests.csproj", "{40518B91-0DA9-4464-89CF-D0D940BFF525}"
EndProject
Project("{2150E333-8FDC-42A3-9474-1A3956D46DE8}") = "ObjInfo", "ObjInfo", "{B5C6E4FF-BAC9-474A-87CF-23623A2B9C13}"
EndProject
Project("{2150E333-8FDC-42A3-9474-1A3956D46DE8}") = "ObjInfo.Deepdive", "ObjInfo.Deepdive", "{D597834E-5FDB-4AB6-96FC-C92F38141E77}"
EndProject
Project("{9A19103F-16F7-4668-BE54-9A1E7A4F7556}") = "ObjectInfo.DeepDive.CyclomaticComplexityAnalyzer", "ObjectInfo.DeepDive.CyclomaticComplexityAnalyzer\ObjectInfo.DeepDive.CyclomaticComplexityAnalyzer.csproj", "{7773225F-D78C-4721-A606-19F7C2F33FC0}"
EndProject
Project("{2150E333-8FDC-42A3-9474-1A3956D46DE8}") = "ObjInfo.DeepDive.Plugins", "ObjInfo.DeepDive.Plugins", "{0935EFC3-922F-4EDB-A0A8-E2D724F34D9D}"
EndProject
Project("{9A19103F-16F7-4668-BE54-9A1E7A4F7556}") = "ObjectInfo.DeepDive.LinqComplexityAnalyzer", "LinqComplexityAnalyzer\ObjectInfo.DeepDive.LinqComplexityAnalyzer.csproj", "{A042FA13-B5DB-478D-8D8C-38A22515D822}"
EndProject
Project("{9A19103F-16F7-4668-BE54-9A1E7A4F7556}") = "ObjectInfo.DeepDive.LinqComplexityAnalyzer.Tests", "ObjectInfo.DeepDive.LinqComplexityAnalyzer.Tests\ObjectInfo.DeepDive.LinqComplexityAnalyzer.Tests.csproj", "{444F081C-9692-4BC8-881B-92424458D078}"
EndProject
Project("{2150E333-8FDC-42A3-9474-1A3956D46DE8}") = "LinqComplexityAnalyzer", "LinqComplexityAnalyzer", "{9D8BE592-E849-491C-BAB1-2FB2E6F6C966}"
EndProject
Project("{2150E333-8FDC-42A3-9474-1A3956D46DE8}") = "Solution Items", "Solution Items", "{594719F8-36F2-4764-9A36-D036646C166E}"
	ProjectSection(SolutionItems) = preProject
		Scratch.txt = Scratch.txt
	EndProjectSection
EndProject
Project("{9A19103F-16F7-4668-BE54-9A1E7A4F7556}") = "ObjectInfo.Deepdive.SolidAnalyzer", "ObjectInfo.Deepdive.SolidAnalyzer\ObjectInfo.Deepdive.SolidAnalyzer.csproj", "{86E9241C-D30D-4456-B44F-D155C5FA8A50}"
EndProject
Project("{2150E333-8FDC-42A3-9474-1A3956D46DE8}") = "SolidAnalyzer", "SolidAnalyzer", "{7C66203E-8B8A-48D8-996A-1BAAE6E97008}"
EndProject
Project("{9A19103F-16F7-4668-BE54-9A1E7A4F7556}") = "ObjectInfo.Deepdive.SolidAnalyzer.Tests", "ObjectInfo.Deepdive.SolidAnalyzer.Tests\ObjectInfo.Deepdive.SolidAnalyzer.Tests.csproj", "{4A7D878C-0C03-414B-9AD4-AA88313D4588}"
EndProject
Project("{2150E333-8FDC-42A3-9474-1A3956D46DE8}") = "CyclomaticComplexityAnalyzer", "CyclomaticComplexityAnalyzer", "{8BB2D048-78D9-49CB-BE1C-6249E27BE01E}"
EndProject
Project("{2150E333-8FDC-42A3-9474-1A3956D46DE8}") = "ObjectInfo.Overlord", "ObjectInfo.Overlord", "{6257933B-3B7F-4E4D-AA93-BC9F65665747}"
EndProject
Project("{9A19103F-16F7-4668-BE54-9A1E7A4F7556}") = "Rebel.Alliance.ObjectInfo.Overlord", "Rebel.Alliance.ObjectInfo.Overlord\Rebel.Alliance.ObjectInfo.Overlord.csproj", "{F0E2361F-615C-4582-9EF3-0F85DF98175F}"
EndProject
Project("{9A19103F-16F7-4668-BE54-9A1E7A4F7556}") = "Rebel.Alliance.ObjectInfo.Overlord.Tests", "Rebel.Alliance.ObjectInfo.Overlord.Tests\Rebel.Alliance.ObjectInfo.Overlord.Tests.csproj", "{C23DDF32-4D4E-4EFA-BEA0-C927122C210A}"
EndProject
Project("{9A19103F-16F7-4668-BE54-9A1E7A4F7556}") = "Overlord.Test.Library", "Overlord.Test.Library\Overlord.Test.Library.csproj", "{42BB6D73-0C91-4902-9ABE-F785FA5A56D8}"
EndProject
Project("{2150E333-8FDC-42A3-9474-1A3956D46DE8}") = "Testing", "Testing", "{1873F69B-28B6-4795-80DF-4BF7D9BBA95A}"
EndProject
Project("{FAE04EC0-301F-11D3-BF4B-00C04F79EFBC}") = "ObjectInfo.Deepdive.SpecificationGenerator", "ObjectInfo.Deepdive.SpecificationGenerator\ObjectInfo.Deepdive.SpecificationGenerator.csproj", "{0AAB605B-0C24-4A0B-BD44-59C8E531D93C}"
EndProject
Project("{2150E333-8FDC-42A3-9474-1A3956D46DE8}") = "SpecificationGenerator", "SpecificationGenerator", "{4A234AC5-7FF9-4374-AA38-4669BBD63E27}"
EndProject
Global
	GlobalSection(SolutionConfigurationPlatforms) = preSolution
		Debug|Any CPU = Debug|Any CPU
		Release|Any CPU = Release|Any CPU
	EndGlobalSection
	GlobalSection(ProjectConfigurationPlatforms) = postSolution
		{33FCD6F6-ABEF-4F74-A7CD-D4D45E28F7DF}.Debug|Any CPU.ActiveCfg = Debug|Any CPU
		{33FCD6F6-ABEF-4F74-A7CD-D4D45E28F7DF}.Debug|Any CPU.Build.0 = Debug|Any CPU
		{33FCD6F6-ABEF-4F74-A7CD-D4D45E28F7DF}.Release|Any CPU.ActiveCfg = Release|Any CPU
		{33FCD6F6-ABEF-4F74-A7CD-D4D45E28F7DF}.Release|Any CPU.Build.0 = Release|Any CPU
		{66FDEEE5-B156-4A13-8C40-6D36887B636F}.Debug|Any CPU.ActiveCfg = Debug|Any CPU
		{66FDEEE5-B156-4A13-8C40-6D36887B636F}.Debug|Any CPU.Build.0 = Debug|Any CPU
		{66FDEEE5-B156-4A13-8C40-6D36887B636F}.Release|Any CPU.ActiveCfg = Release|Any CPU
		{66FDEEE5-B156-4A13-8C40-6D36887B636F}.Release|Any CPU.Build.0 = Release|Any CPU
		{7AAE1D6C-8575-4AFF-85C1-E672F4082B80}.Debug|Any CPU.ActiveCfg = Debug|Any CPU
		{7AAE1D6C-8575-4AFF-85C1-E672F4082B80}.Debug|Any CPU.Build.0 = Debug|Any CPU
		{7AAE1D6C-8575-4AFF-85C1-E672F4082B80}.Release|Any CPU.ActiveCfg = Release|Any CPU
		{7AAE1D6C-8575-4AFF-85C1-E672F4082B80}.Release|Any CPU.Build.0 = Release|Any CPU
		{40518B91-0DA9-4464-89CF-D0D940BFF525}.Debug|Any CPU.ActiveCfg = Debug|Any CPU
		{40518B91-0DA9-4464-89CF-D0D940BFF525}.Debug|Any CPU.Build.0 = Debug|Any CPU
		{40518B91-0DA9-4464-89CF-D0D940BFF525}.Release|Any CPU.ActiveCfg = Release|Any CPU
		{40518B91-0DA9-4464-89CF-D0D940BFF525}.Release|Any CPU.Build.0 = Release|Any CPU
		{7773225F-D78C-4721-A606-19F7C2F33FC0}.Debug|Any CPU.ActiveCfg = Debug|Any CPU
		{7773225F-D78C-4721-A606-19F7C2F33FC0}.Debug|Any CPU.Build.0 = Debug|Any CPU
		{7773225F-D78C-4721-A606-19F7C2F33FC0}.Release|Any CPU.ActiveCfg = Release|Any CPU
		{7773225F-D78C-4721-A606-19F7C2F33FC0}.Release|Any CPU.Build.0 = Release|Any CPU
		{A042FA13-B5DB-478D-8D8C-38A22515D822}.Debug|Any CPU.ActiveCfg = Debug|Any CPU
		{A042FA13-B5DB-478D-8D8C-38A22515D822}.Debug|Any CPU.Build.0 = Debug|Any CPU
		{A042FA13-B5DB-478D-8D8C-38A22515D822}.Release|Any CPU.ActiveCfg = Release|Any CPU
		{A042FA13-B5DB-478D-8D8C-38A22515D822}.Release|Any CPU.Build.0 = Release|Any CPU
		{444F081C-9692-4BC8-881B-92424458D078}.Debug|Any CPU.ActiveCfg = Debug|Any CPU
		{444F081C-9692-4BC8-881B-92424458D078}.Debug|Any CPU.Build.0 = Debug|Any CPU
		{444F081C-9692-4BC8-881B-92424458D078}.Release|Any CPU.ActiveCfg = Release|Any CPU
		{444F081C-9692-4BC8-881B-92424458D078}.Release|Any CPU.Build.0 = Release|Any CPU
		{86E9241C-D30D-4456-B44F-D155C5FA8A50}.Debug|Any CPU.ActiveCfg = Debug|Any CPU
		{86E9241C-D30D-4456-B44F-D155C5FA8A50}.Debug|Any CPU.Build.0 = Debug|Any CPU
		{86E9241C-D30D-4456-B44F-D155C5FA8A50}.Release|Any CPU.ActiveCfg = Release|Any CPU
		{86E9241C-D30D-4456-B44F-D155C5FA8A50}.Release|Any CPU.Build.0 = Release|Any CPU
		{4A7D878C-0C03-414B-9AD4-AA88313D4588}.Debug|Any CPU.ActiveCfg = Debug|Any CPU
		{4A7D878C-0C03-414B-9AD4-AA88313D4588}.Debug|Any CPU.Build.0 = Debug|Any CPU
		{4A7D878C-0C03-414B-9AD4-AA88313D4588}.Release|Any CPU.ActiveCfg = Release|Any CPU
		{4A7D878C-0C03-414B-9AD4-AA88313D4588}.Release|Any CPU.Build.0 = Release|Any CPU
		{F0E2361F-615C-4582-9EF3-0F85DF98175F}.Debug|Any CPU.ActiveCfg = Debug|Any CPU
		{F0E2361F-615C-4582-9EF3-0F85DF98175F}.Debug|Any CPU.Build.0 = Debug|Any CPU
		{F0E2361F-615C-4582-9EF3-0F85DF98175F}.Release|Any CPU.ActiveCfg = Release|Any CPU
		{F0E2361F-615C-4582-9EF3-0F85DF98175F}.Release|Any CPU.Build.0 = Release|Any CPU
		{C23DDF32-4D4E-4EFA-BEA0-C927122C210A}.Debug|Any CPU.ActiveCfg = Debug|Any CPU
		{C23DDF32-4D4E-4EFA-BEA0-C927122C210A}.Debug|Any CPU.Build.0 = Debug|Any CPU
		{C23DDF32-4D4E-4EFA-BEA0-C927122C210A}.Release|Any CPU.ActiveCfg = Release|Any CPU
		{C23DDF32-4D4E-4EFA-BEA0-C927122C210A}.Release|Any CPU.Build.0 = Release|Any CPU
		{42BB6D73-0C91-4902-9ABE-F785FA5A56D8}.Debug|Any CPU.ActiveCfg = Debug|Any CPU
		{42BB6D73-0C91-4902-9ABE-F785FA5A56D8}.Debug|Any CPU.Build.0 = Debug|Any CPU
		{42BB6D73-0C91-4902-9ABE-F785FA5A56D8}.Release|Any CPU.ActiveCfg = Release|Any CPU
		{42BB6D73-0C91-4902-9ABE-F785FA5A56D8}.Release|Any CPU.Build.0 = Release|Any CPU
		{0AAB605B-0C24-4A0B-BD44-59C8E531D93C}.Debug|Any CPU.ActiveCfg = Debug|Any CPU
		{0AAB605B-0C24-4A0B-BD44-59C8E531D93C}.Debug|Any CPU.Build.0 = Debug|Any CPU
		{0AAB605B-0C24-4A0B-BD44-59C8E531D93C}.Release|Any CPU.ActiveCfg = Release|Any CPU
		{0AAB605B-0C24-4A0B-BD44-59C8E531D93C}.Release|Any CPU.Build.0 = Release|Any CPU
	EndGlobalSection
	GlobalSection(SolutionProperties) = preSolution
		HideSolutionNode = FALSE
	EndGlobalSection
	GlobalSection(NestedProjects) = preSolution
		{33FCD6F6-ABEF-4F74-A7CD-D4D45E28F7DF} = {B5C6E4FF-BAC9-474A-87CF-23623A2B9C13}
		{66FDEEE5-B156-4A13-8C40-6D36887B636F} = {B5C6E4FF-BAC9-474A-87CF-23623A2B9C13}
		{7AAE1D6C-8575-4AFF-85C1-E672F4082B80} = {D597834E-5FDB-4AB6-96FC-C92F38141E77}
		{40518B91-0DA9-4464-89CF-D0D940BFF525} = {8BB2D048-78D9-49CB-BE1C-6249E27BE01E}
		{7773225F-D78C-4721-A606-19F7C2F33FC0} = {8BB2D048-78D9-49CB-BE1C-6249E27BE01E}
		{A042FA13-B5DB-478D-8D8C-38A22515D822} = {9D8BE592-E849-491C-BAB1-2FB2E6F6C966}
		{444F081C-9692-4BC8-881B-92424458D078} = {9D8BE592-E849-491C-BAB1-2FB2E6F6C966}
		{9D8BE592-E849-491C-BAB1-2FB2E6F6C966} = {0935EFC3-922F-4EDB-A0A8-E2D724F34D9D}
		{86E9241C-D30D-4456-B44F-D155C5FA8A50} = {7C66203E-8B8A-48D8-996A-1BAAE6E97008}
		{7C66203E-8B8A-48D8-996A-1BAAE6E97008} = {0935EFC3-922F-4EDB-A0A8-E2D724F34D9D}
		{4A7D878C-0C03-414B-9AD4-AA88313D4588} = {7C66203E-8B8A-48D8-996A-1BAAE6E97008}
		{8BB2D048-78D9-49CB-BE1C-6249E27BE01E} = {0935EFC3-922F-4EDB-A0A8-E2D724F34D9D}
		{F0E2361F-615C-4582-9EF3-0F85DF98175F} = {6257933B-3B7F-4E4D-AA93-BC9F65665747}
		{C23DDF32-4D4E-4EFA-BEA0-C927122C210A} = {1873F69B-28B6-4795-80DF-4BF7D9BBA95A}
		{42BB6D73-0C91-4902-9ABE-F785FA5A56D8} = {1873F69B-28B6-4795-80DF-4BF7D9BBA95A}
		{1873F69B-28B6-4795-80DF-4BF7D9BBA95A} = {6257933B-3B7F-4E4D-AA93-BC9F65665747}
		{0AAB605B-0C24-4A0B-BD44-59C8E531D93C} = {4A234AC5-7FF9-4374-AA38-4669BBD63E27}
		{4A234AC5-7FF9-4374-AA38-4669BBD63E27} = {0935EFC3-922F-4EDB-A0A8-E2D724F34D9D}
	EndGlobalSection
	GlobalSection(ExtensibilityGlobals) = postSolution
		SolutionGuid = {6AEDE20E-109D-4079-BEEF-1A79F73B7350}
	EndGlobalSection
EndGlobal
